{
    "name": "景区小程序",
    "version": "1.0.0",
    "lockfileVersion": 3,
    "requires": true,
    "packages": {
        "": {
            "version": "1.0.0",
            "dependencies": {
                "@dcloudio/uni-ui": "^1.5.8",
                "uview-ui": "^2.0.38"
            }
        },
        "node_modules/@dcloudio/uni-ui": {
            "version": "1.5.8",
            "resolved": "https://registry.npmjs.org/@dcloudio/uni-ui/-/uni-ui-1.5.8.tgz",
            "integrity": "sha512-9gnNzr11iG06s97A3WBplqwcAOua7vG7j70hEoPlGoUgDA7at7wo84nkuyXycQaveAHSqNhbCGHVsUUtQcGkJQ==",
            "license": "Apache-2.0"
        },
        "node_modules/uview-ui": {
            "version": "2.0.38",
            "resolved": "https://registry.npmjs.org/uview-ui/-/uview-ui-2.0.38.tgz",
            "integrity": "sha512-6egHDf9lXHKpG3hEjRE0vMx4+VWwKk/ReTf5x18KrIKqdvdPRqO3+B8Unh7vYYwrIxzAWIlmhZ9RJpKI/4UqPQ==",
            "engines": {
                "HBuilderX": "^3.1.0"
            }
        }
    }
}
